// !$*UTF8*$!
{
	archiveVersion = 1;
	classes = {
	};
	objectVersion = 56;
	objects = {

/* Begin PBXBuildFile section */
		3C0B4ADA2ACDBBD100416EAC /* FetchMovies.swift in Sources */ = {isa = PBXBuildFile; fileRef = 3C0B4AD92ACDBBD100416EAC /* FetchMovies.swift */; };
		3C0B4ADC2ACDCE9E00416EAC /* Item.swift in Sources */ = {isa = PBXBuildFile; fileRef = 3C0B4ADB2ACDCE9E00416EAC /* Item.swift */; };
		3C0B4ADE2ACDDB2100416EAC /* MovieDetailController.swift in Sources */ = {isa = PBXBuildFile; fileRef = 3C0B4ADD2ACDDB2100416EAC /* MovieDetailController.swift */; };
		3C0B4AE02ACDE02000416EAC /* MovieDetailView.swift in Sources */ = {isa = PBXBuildFile; fileRef = 3C0B4ADF2ACDE02000416EAC /* MovieDetailView.swift */; };
		3C0B4AE22ACDEE7200416EAC /* PhotosCollectionView.swift in Sources */ = {isa = PBXBuildFile; fileRef = 3C0B4AE12ACDEE7200416EAC /* PhotosCollectionView.swift */; };
		3C0B4AE42ACDEFD900416EAC /* PhotosCell.swift in Sources */ = {isa = PBXBuildFile; fileRef = 3C0B4AE32ACDEFD900416EAC /* PhotosCell.swift */; };
		3C0B4B222ACEFD2600416EAC /* SetupUI.swift in Sources */ = {isa = PBXBuildFile; fileRef = 3C0B4B212ACEFD2600416EAC /* SetupUI.swift */; };
		3C0B4B242ACEFDB900416EAC /* Helpers.swift in Sources */ = {isa = PBXBuildFile; fileRef = 3C0B4B232ACEFDB900416EAC /* Helpers.swift */; };
		3C0B4B262ACEFE2A00416EAC /* CollectionView.swift in Sources */ = {isa = PBXBuildFile; fileRef = 3C0B4B252ACEFE2A00416EAC /* CollectionView.swift */; };
		3C0B4B2B2ACF0A9100416EAC /* FullScreenImageController.swift in Sources */ = {isa = PBXBuildFile; fileRef = 3C0B4B2A2ACF0A9100416EAC /* FullScreenImageController.swift */; };
		3C0B4B2D2ACF144400416EAC /* PlayerController.swift in Sources */ = {isa = PBXBuildFile; fileRef = 3C0B4B2C2ACF144400416EAC /* PlayerController.swift */; };
		3C0B4B332ACF271000416EAC /* FullScreenCreateUI.swift in Sources */ = {isa = PBXBuildFile; fileRef = 3C0B4B322ACF271000416EAC /* FullScreenCreateUI.swift */; };
		3C0B4B352ACF2A3B00416EAC /* ButtonsActions.swift in Sources */ = {isa = PBXBuildFile; fileRef = 3C0B4B342ACF2A3B00416EAC /* ButtonsActions.swift */; };
		3C0B4B372ACF30D700416EAC /* Gesture.swift in Sources */ = {isa = PBXBuildFile; fileRef = 3C0B4B362ACF30D700416EAC /* Gesture.swift */; };
		3C2E3AA12ACB3B7000485702 /* AppDelegate.swift in Sources */ = {isa = PBXBuildFile; fileRef = 3C2E3AA02ACB3B7000485702 /* AppDelegate.swift */; };
		3C2E3AA32ACB3B7000485702 /* SceneDelegate.swift in Sources */ = {isa = PBXBuildFile; fileRef = 3C2E3AA22ACB3B7000485702 /* SceneDelegate.swift */; };
		3C2E3AA52ACB3B7000485702 /* MainController.swift in Sources */ = {isa = PBXBuildFile; fileRef = 3C2E3AA42ACB3B7000485702 /* MainController.swift */; };
		3C2E3AAA2ACB3B7100485702 /* Assets.xcassets in Resources */ = {isa = PBXBuildFile; fileRef = 3C2E3AA92ACB3B7100485702 /* Assets.xcassets */; };
		3C2E3AB82ACB3B7100485702 /* MoviesAppUIKitTests.swift in Sources */ = {isa = PBXBuildFile; fileRef = 3C2E3AB72ACB3B7100485702 /* MoviesAppUIKitTests.swift */; };
		3C2E3AC22ACB3B7100485702 /* MoviesAppUIKitUITests.swift in Sources */ = {isa = PBXBuildFile; fileRef = 3C2E3AC12ACB3B7100485702 /* MoviesAppUIKitUITests.swift */; };
		3C2E3AC42ACB3B7100485702 /* MoviesAppUIKitUITestsLaunchTests.swift in Sources */ = {isa = PBXBuildFile; fileRef = 3C2E3AC32ACB3B7100485702 /* MoviesAppUIKitUITestsLaunchTests.swift */; };
		3C2E3AD82ACB3C6700485702 /* NetworkErrors.swift in Sources */ = {isa = PBXBuildFile; fileRef = 3C2E3AD32ACB3C6700485702 /* NetworkErrors.swift */; };
		3C2E3AD92ACB3C6700485702 /* NetworkURL.swift in Sources */ = {isa = PBXBuildFile; fileRef = 3C2E3AD42ACB3C6700485702 /* NetworkURL.swift */; };
		3C2E3ADA2ACB3C6700485702 /* NetworkClient.swift in Sources */ = {isa = PBXBuildFile; fileRef = 3C2E3AD52ACB3C6700485702 /* NetworkClient.swift */; };
		3C2E3ADB2ACB3C6700485702 /* Network.swift in Sources */ = {isa = PBXBuildFile; fileRef = 3C2E3AD62ACB3C6700485702 /* Network.swift */; };
		3C2E3ADC2ACB3C6700485702 /* NetworkTypes.swift in Sources */ = {isa = PBXBuildFile; fileRef = 3C2E3AD72ACB3C6700485702 /* NetworkTypes.swift */; };
		3C2E3AE02ACB3CDB00485702 /* ExtensionEncodable.swift in Sources */ = {isa = PBXBuildFile; fileRef = 3C2E3ADE2ACB3CDB00485702 /* ExtensionEncodable.swift */; };
		3C2E3AE12ACB3CDB00485702 /* ExtensionUIImage.swift in Sources */ = {isa = PBXBuildFile; fileRef = 3C2E3ADF2ACB3CDB00485702 /* ExtensionUIImage.swift */; };
		3C2E3AE32ACB3CE600485702 /* GoogleService-Info.plist in Resources */ = {isa = PBXBuildFile; fileRef = 3C2E3AE22ACB3CE600485702 /* GoogleService-Info.plist */; };
		3C2E3AF72ACB3EB400485702 /* Movie.swift in Sources */ = {isa = PBXBuildFile; fileRef = 3C2E3AF62ACB3EB400485702 /* Movie.swift */; };
		3C2E3AFE2ACB3F0300485702 /* Videos.swift in Sources */ = {isa = PBXBuildFile; fileRef = 3C2E3AFC2ACB3F0300485702 /* Videos.swift */; };
		3C2E3AFF2ACB3F0300485702 /* Photos.swift in Sources */ = {isa = PBXBuildFile; fileRef = 3C2E3AFD2ACB3F0300485702 /* Photos.swift */; };
		3C2E3B052ACB3F7400485702 /* User.swift in Sources */ = {isa = PBXBuildFile; fileRef = 3C2E3B042ACB3F7400485702 /* User.swift */; };
		3C2E3B132ACB403600485702 /* DBModel.swift in Sources */ = {isa = PBXBuildFile; fileRef = 3C2E3B122ACB403600485702 /* DBModel.swift */; };
		3C2E3B182ACB410900485702 /* FavouriteManager.swift in Sources */ = {isa = PBXBuildFile; fileRef = 3C2E3B172ACB410900485702 /* FavouriteManager.swift */; };
		3C5173EC2ACB4A1E007A3E3F /* YouTubeiOSPlayerHelper in Frameworks */ = {isa = PBXBuildFile; productRef = 3C5173EB2ACB4A1E007A3E3F /* YouTubeiOSPlayerHelper */; };
		3C5173EF2ACB4A7F007A3E3F /* FirebaseAuth in Frameworks */ = {isa = PBXBuildFile; productRef = 3C5173EE2ACB4A7F007A3E3F /* FirebaseAuth */; };
		3C5173F12ACB4A7F007A3E3F /* FirebaseFirestore in Frameworks */ = {isa = PBXBuildFile; productRef = 3C5173F02ACB4A7F007A3E3F /* FirebaseFirestore */; };
		3C5173F32ACB4A7F007A3E3F /* FirebaseFirestoreSwift in Frameworks */ = {isa = PBXBuildFile; productRef = 3C5173F22ACB4A7F007A3E3F /* FirebaseFirestoreSwift */; };
		3C5173F62ACB4D27007A3E3F /* TabBarController.swift in Sources */ = {isa = PBXBuildFile; fileRef = 3C5173F52ACB4D27007A3E3F /* TabBarController.swift */; };
		3C5174002ACB52C5007A3E3F /* ProfileController.swift in Sources */ = {isa = PBXBuildFile; fileRef = 3C5173FF2ACB52C5007A3E3F /* ProfileController.swift */; };
		3C5174022ACB52FA007A3E3F /* SearchController.swift in Sources */ = {isa = PBXBuildFile; fileRef = 3C5174012ACB52FA007A3E3F /* SearchController.swift */; };
		3C5174042ACB530D007A3E3F /* FavouritesController.swift in Sources */ = {isa = PBXBuildFile; fileRef = 3C5174032ACB530D007A3E3F /* FavouritesController.swift */; };
		3C5174062ACB5320007A3E3F /* MoviesController.swift in Sources */ = {isa = PBXBuildFile; fileRef = 3C5174052ACB5320007A3E3F /* MoviesController.swift */; };
		3C5174092ACB5511007A3E3F /* MainProtocol.swift in Sources */ = {isa = PBXBuildFile; fileRef = 3C5174082ACB5511007A3E3F /* MainProtocol.swift */; };
		3C51740B2ACB58CE007A3E3F /* LoginController.swift in Sources */ = {isa = PBXBuildFile; fileRef = 3C51740A2ACB58CE007A3E3F /* LoginController.swift */; };
		3C51740E2ACB5F30007A3E3F /* TitleView.swift in Sources */ = {isa = PBXBuildFile; fileRef = 3C51740D2ACB5F30007A3E3F /* TitleView.swift */; };
		3C5174102ACB63AF007A3E3F /* LineView.swift in Sources */ = {isa = PBXBuildFile; fileRef = 3C51740F2ACB63AF007A3E3F /* LineView.swift */; };
		3C5174122ACB640D007A3E3F /* LoginProtocol.swift in Sources */ = {isa = PBXBuildFile; fileRef = 3C5174112ACB640D007A3E3F /* LoginProtocol.swift */; };
		3C5174142ACB6868007A3E3F /* CreateUI.swift in Sources */ = {isa = PBXBuildFile; fileRef = 3C5174132ACB6868007A3E3F /* CreateUI.swift */; };
		3C5174162ACBEE30007A3E3F /* ActionButton.swift in Sources */ = {isa = PBXBuildFile; fileRef = 3C5174152ACBEE30007A3E3F /* ActionButton.swift */; };
		3C5174182ACC1FF4007A3E3F /* DisplayError.swift in Sources */ = {isa = PBXBuildFile; fileRef = 3C5174172ACC1FF4007A3E3F /* DisplayError.swift */; };
		3C51741A2ACC300C007A3E3F /* ColorView.swift in Sources */ = {isa = PBXBuildFile; fileRef = 3C5174192ACC300C007A3E3F /* ColorView.swift */; };
		3C51741C2ACC3689007A3E3F /* CreateProfileUI.swift in Sources */ = {isa = PBXBuildFile; fileRef = 3C51741B2ACC3689007A3E3F /* CreateProfileUI.swift */; };
		3C51741E2ACC4BE5007A3E3F /* CellView.swift in Sources */ = {isa = PBXBuildFile; fileRef = 3C51741D2ACC4BE5007A3E3F /* CellView.swift */; };
		3C5174202ACC4C7E007A3E3F /* VStack.swift in Sources */ = {isa = PBXBuildFile; fileRef = 3C51741F2ACC4C7E007A3E3F /* VStack.swift */; };
		3C5174222ACC4CD9007A3E3F /* HeaderLabel.swift in Sources */ = {isa = PBXBuildFile; fileRef = 3C5174212ACC4CD9007A3E3F /* HeaderLabel.swift */; };
		3C5174242ACC4D83007A3E3F /* ProfileLabel.swift in Sources */ = {isa = PBXBuildFile; fileRef = 3C5174232ACC4D83007A3E3F /* ProfileLabel.swift */; };
		3C5174262ACC53A6007A3E3F /* HStack.swift in Sources */ = {isa = PBXBuildFile; fileRef = 3C5174252ACC53A6007A3E3F /* HStack.swift */; };
		3C6132642ACC960B00783E37 /* CircularProgressView.swift in Sources */ = {isa = PBXBuildFile; fileRef = 3C6132632ACC960B00783E37 /* CircularProgressView.swift */; };
		3C6132662ACCA50000783E37 /* Sections.swift in Sources */ = {isa = PBXBuildFile; fileRef = 3C6132652ACCA50000783E37 /* Sections.swift */; };
		3C6132682ACCA67500783E37 /* SupplementaryViewKind.swift in Sources */ = {isa = PBXBuildFile; fileRef = 3C6132672ACCA67500783E37 /* SupplementaryViewKind.swift */; };
		3C61326A2ACCA6B100783E37 /* HeaderView.swift in Sources */ = {isa = PBXBuildFile; fileRef = 3C6132692ACCA6B100783E37 /* HeaderView.swift */; };
		3C61326C2ACCAA0D00783E37 /* Layout.swift in Sources */ = {isa = PBXBuildFile; fileRef = 3C61326B2ACCAA0D00783E37 /* Layout.swift */; };
		3C61326E2ACCAF3D00783E37 /* DataSource.swift in Sources */ = {isa = PBXBuildFile; fileRef = 3C61326D2ACCAF3D00783E37 /* DataSource.swift */; };
		3C7452D92AD0165C00AE924E /* LoadingView.swift in Sources */ = {isa = PBXBuildFile; fileRef = 3C7452D82AD0165C00AE924E /* LoadingView.swift */; };
		3C7452DB2AD019CB00AE924E /* PresentLoadingView.swift in Sources */ = {isa = PBXBuildFile; fileRef = 3C7452DA2AD019CB00AE924E /* PresentLoadingView.swift */; };
		3C7452DD2AD0562900AE924E /* SearchSections.swift in Sources */ = {isa = PBXBuildFile; fileRef = 3C7452DC2AD0562900AE924E /* SearchSections.swift */; };
		3C7452DF2AD0563B00AE924E /* SearchLayout.swift in Sources */ = {isa = PBXBuildFile; fileRef = 3C7452DE2AD0563B00AE924E /* SearchLayout.swift */; };
		3C7452E12AD0565400AE924E /* SearchDataSource.swift in Sources */ = {isa = PBXBuildFile; fileRef = 3C7452E02AD0565400AE924E /* SearchDataSource.swift */; };
		3C7452E32AD05D9100AE924E /* SearchResultUpdating.swift in Sources */ = {isa = PBXBuildFile; fileRef = 3C7452E22AD05D9100AE924E /* SearchResultUpdating.swift */; };
		3C7452E52AD05EF800AE924E /* FetchSearchMovies.swift in Sources */ = {isa = PBXBuildFile; fileRef = 3C7452E42AD05EF800AE924E /* FetchSearchMovies.swift */; };
		3C7452E72AD17A3D00AE924E /* FetchFavourites.swift in Sources */ = {isa = PBXBuildFile; fileRef = 3C7452E62AD17A3D00AE924E /* FetchFavourites.swift */; };
		3C7452E92AD17F4700AE924E /* FavouritesSections.swift in Sources */ = {isa = PBXBuildFile; fileRef = 3C7452E82AD17F4700AE924E /* FavouritesSections.swift */; };
		3C7452EB2AD17F7400AE924E /* FavouritesLayout.swift in Sources */ = {isa = PBXBuildFile; fileRef = 3C7452EA2AD17F7400AE924E /* FavouritesLayout.swift */; };
		3C7452ED2AD17F9C00AE924E /* FavouritesDataSource.swift in Sources */ = {isa = PBXBuildFile; fileRef = 3C7452EC2AD17F9C00AE924E /* FavouritesDataSource.swift */; };
		3C7452EF2AD1A39F00AE924E /* ProtocolIsFavourites.swift in Sources */ = {isa = PBXBuildFile; fileRef = 3C7452EE2AD1A39F00AE924E /* ProtocolIsFavourites.swift */; };
		3CE7A6882ACC7ADC00A51077 /* MovieCell.swift in Sources */ = {isa = PBXBuildFile; fileRef = 3CE7A6872ACC7ADC00A51077 /* MovieCell.swift */; };
/* End PBXBuildFile section */

/* Begin PBXContainerItemProxy section */
		3C2E3AB42ACB3B7100485702 /* PBXContainerItemProxy */ = {
			isa = PBXContainerItemProxy;
			containerPortal = 3C2E3A952ACB3B7000485702 /* Project object */;
			proxyType = 1;
			remoteGlobalIDString = 3C2E3A9C2ACB3B7000485702;
			remoteInfo = MoviesAppUIKit;
		};
		3C2E3ABE2ACB3B7100485702 /* PBXContainerItemProxy */ = {
			isa = PBXContainerItemProxy;
			containerPortal = 3C2E3A952ACB3B7000485702 /* Project object */;
			proxyType = 1;
			remoteGlobalIDString = 3C2E3A9C2ACB3B7000485702;
			remoteInfo = MoviesAppUIKit;
		};
/* End PBXContainerItemProxy section */

/* Begin PBXFileReference section */
		3C0B4AD92ACDBBD100416EAC /* FetchMovies.swift */ = {isa = PBXFileReference; lastKnownFileType = sourcecode.swift; path = FetchMovies.swift; sourceTree = "<group>"; };
		3C0B4ADB2ACDCE9E00416EAC /* Item.swift */ = {isa = PBXFileReference; lastKnownFileType = sourcecode.swift; path = Item.swift; sourceTree = "<group>"; };
		3C0B4ADD2ACDDB2100416EAC /* MovieDetailController.swift */ = {isa = PBXFileReference; lastKnownFileType = sourcecode.swift; path = MovieDetailController.swift; sourceTree = "<group>"; };
		3C0B4ADF2ACDE02000416EAC /* MovieDetailView.swift */ = {isa = PBXFileReference; lastKnownFileType = sourcecode.swift; path = MovieDetailView.swift; sourceTree = "<group>"; };
		3C0B4AE12ACDEE7200416EAC /* PhotosCollectionView.swift */ = {isa = PBXFileReference; lastKnownFileType = sourcecode.swift; path = PhotosCollectionView.swift; sourceTree = "<group>"; };
		3C0B4AE32ACDEFD900416EAC /* PhotosCell.swift */ = {isa = PBXFileReference; lastKnownFileType = sourcecode.swift; path = PhotosCell.swift; sourceTree = "<group>"; };
		3C0B4B212ACEFD2600416EAC /* SetupUI.swift */ = {isa = PBXFileReference; lastKnownFileType = sourcecode.swift; path = SetupUI.swift; sourceTree = "<group>"; };
		3C0B4B232ACEFDB900416EAC /* Helpers.swift */ = {isa = PBXFileReference; lastKnownFileType = sourcecode.swift; path = Helpers.swift; sourceTree = "<group>"; };
		3C0B4B252ACEFE2A00416EAC /* CollectionView.swift */ = {isa = PBXFileReference; lastKnownFileType = sourcecode.swift; path = CollectionView.swift; sourceTree = "<group>"; };
		3C0B4B2A2ACF0A9100416EAC /* FullScreenImageController.swift */ = {isa = PBXFileReference; lastKnownFileType = sourcecode.swift; path = FullScreenImageController.swift; sourceTree = "<group>"; };
		3C0B4B2C2ACF144400416EAC /* PlayerController.swift */ = {isa = PBXFileReference; lastKnownFileType = sourcecode.swift; path = PlayerController.swift; sourceTree = "<group>"; };
		3C0B4B322ACF271000416EAC /* FullScreenCreateUI.swift */ = {isa = PBXFileReference; lastKnownFileType = sourcecode.swift; path = FullScreenCreateUI.swift; sourceTree = "<group>"; };
		3C0B4B342ACF2A3B00416EAC /* ButtonsActions.swift */ = {isa = PBXFileReference; lastKnownFileType = sourcecode.swift; path = ButtonsActions.swift; sourceTree = "<group>"; };
		3C0B4B362ACF30D700416EAC /* Gesture.swift */ = {isa = PBXFileReference; lastKnownFileType = sourcecode.swift; path = Gesture.swift; sourceTree = "<group>"; };
		3C2E3A9D2ACB3B7000485702 /* MoviesAppUIKit.app */ = {isa = PBXFileReference; explicitFileType = wrapper.application; includeInIndex = 0; path = MoviesAppUIKit.app; sourceTree = BUILT_PRODUCTS_DIR; };
		3C2E3AA02ACB3B7000485702 /* AppDelegate.swift */ = {isa = PBXFileReference; lastKnownFileType = sourcecode.swift; path = AppDelegate.swift; sourceTree = "<group>"; };
		3C2E3AA22ACB3B7000485702 /* SceneDelegate.swift */ = {isa = PBXFileReference; lastKnownFileType = sourcecode.swift; path = SceneDelegate.swift; sourceTree = "<group>"; };
		3C2E3AA42ACB3B7000485702 /* MainController.swift */ = {isa = PBXFileReference; lastKnownFileType = sourcecode.swift; path = MainController.swift; sourceTree = "<group>"; };
		3C2E3AA92ACB3B7100485702 /* Assets.xcassets */ = {isa = PBXFileReference; lastKnownFileType = folder.assetcatalog; path = Assets.xcassets; sourceTree = "<group>"; };
		3C2E3AAE2ACB3B7100485702 /* Info.plist */ = {isa = PBXFileReference; lastKnownFileType = text.plist.xml; path = Info.plist; sourceTree = "<group>"; };
		3C2E3AB32ACB3B7100485702 /* MoviesAppUIKitTests.xctest */ = {isa = PBXFileReference; explicitFileType = wrapper.cfbundle; includeInIndex = 0; path = MoviesAppUIKitTests.xctest; sourceTree = BUILT_PRODUCTS_DIR; };
		3C2E3AB72ACB3B7100485702 /* MoviesAppUIKitTests.swift */ = {isa = PBXFileReference; lastKnownFileType = sourcecode.swift; path = MoviesAppUIKitTests.swift; sourceTree = "<group>"; };
		3C2E3ABD2ACB3B7100485702 /* MoviesAppUIKitUITests.xctest */ = {isa = PBXFileReference; explicitFileType = wrapper.cfbundle; includeInIndex = 0; path = MoviesAppUIKitUITests.xctest; sourceTree = BUILT_PRODUCTS_DIR; };
		3C2E3AC12ACB3B7100485702 /* MoviesAppUIKitUITests.swift */ = {isa = PBXFileReference; lastKnownFileType = sourcecode.swift; path = MoviesAppUIKitUITests.swift; sourceTree = "<group>"; };
		3C2E3AC32ACB3B7100485702 /* MoviesAppUIKitUITestsLaunchTests.swift */ = {isa = PBXFileReference; lastKnownFileType = sourcecode.swift; path = MoviesAppUIKitUITestsLaunchTests.swift; sourceTree = "<group>"; };
		3C2E3AD32ACB3C6700485702 /* NetworkErrors.swift */ = {isa = PBXFileReference; fileEncoding = 4; lastKnownFileType = sourcecode.swift; path = NetworkErrors.swift; sourceTree = "<group>"; };
		3C2E3AD42ACB3C6700485702 /* NetworkURL.swift */ = {isa = PBXFileReference; fileEncoding = 4; lastKnownFileType = sourcecode.swift; path = NetworkURL.swift; sourceTree = "<group>"; };
		3C2E3AD52ACB3C6700485702 /* NetworkClient.swift */ = {isa = PBXFileReference; fileEncoding = 4; lastKnownFileType = sourcecode.swift; path = NetworkClient.swift; sourceTree = "<group>"; };
		3C2E3AD62ACB3C6700485702 /* Network.swift */ = {isa = PBXFileReference; fileEncoding = 4; lastKnownFileType = sourcecode.swift; path = Network.swift; sourceTree = "<group>"; };
		3C2E3AD72ACB3C6700485702 /* NetworkTypes.swift */ = {isa = PBXFileReference; fileEncoding = 4; lastKnownFileType = sourcecode.swift; path = NetworkTypes.swift; sourceTree = "<group>"; };
		3C2E3ADE2ACB3CDB00485702 /* ExtensionEncodable.swift */ = {isa = PBXFileReference; fileEncoding = 4; lastKnownFileType = sourcecode.swift; path = ExtensionEncodable.swift; sourceTree = "<group>"; };
		3C2E3ADF2ACB3CDB00485702 /* ExtensionUIImage.swift */ = {isa = PBXFileReference; fileEncoding = 4; lastKnownFileType = sourcecode.swift; path = ExtensionUIImage.swift; sourceTree = "<group>"; };
		3C2E3AE22ACB3CE600485702 /* GoogleService-Info.plist */ = {isa = PBXFileReference; fileEncoding = 4; lastKnownFileType = text.plist.xml; path = "GoogleService-Info.plist"; sourceTree = "<group>"; };
		3C2E3AF62ACB3EB400485702 /* Movie.swift */ = {isa = PBXFileReference; fileEncoding = 4; lastKnownFileType = sourcecode.swift; path = Movie.swift; sourceTree = "<group>"; };
		3C2E3AFC2ACB3F0300485702 /* Videos.swift */ = {isa = PBXFileReference; fileEncoding = 4; lastKnownFileType = sourcecode.swift; path = Videos.swift; sourceTree = "<group>"; };
		3C2E3AFD2ACB3F0300485702 /* Photos.swift */ = {isa = PBXFileReference; fileEncoding = 4; lastKnownFileType = sourcecode.swift; path = Photos.swift; sourceTree = "<group>"; };
		3C2E3B042ACB3F7400485702 /* User.swift */ = {isa = PBXFileReference; fileEncoding = 4; lastKnownFileType = sourcecode.swift; path = User.swift; sourceTree = "<group>"; };
		3C2E3B122ACB403600485702 /* DBModel.swift */ = {isa = PBXFileReference; fileEncoding = 4; lastKnownFileType = sourcecode.swift; path = DBModel.swift; sourceTree = "<group>"; };
		3C2E3B172ACB410900485702 /* FavouriteManager.swift */ = {isa = PBXFileReference; fileEncoding = 4; lastKnownFileType = sourcecode.swift; path = FavouriteManager.swift; sourceTree = "<group>"; };
		3C5173F52ACB4D27007A3E3F /* TabBarController.swift */ = {isa = PBXFileReference; lastKnownFileType = sourcecode.swift; path = TabBarController.swift; sourceTree = "<group>"; };
		3C5173FF2ACB52C5007A3E3F /* ProfileController.swift */ = {isa = PBXFileReference; lastKnownFileType = sourcecode.swift; path = ProfileController.swift; sourceTree = "<group>"; };
		3C5174012ACB52FA007A3E3F /* SearchController.swift */ = {isa = PBXFileReference; lastKnownFileType = sourcecode.swift; path = SearchController.swift; sourceTree = "<group>"; };
		3C5174032ACB530D007A3E3F /* FavouritesController.swift */ = {isa = PBXFileReference; lastKnownFileType = sourcecode.swift; path = FavouritesController.swift; sourceTree = "<group>"; };
		3C5174052ACB5320007A3E3F /* MoviesController.swift */ = {isa = PBXFileReference; lastKnownFileType = sourcecode.swift; path = MoviesController.swift; sourceTree = "<group>"; };
		3C5174082ACB5511007A3E3F /* MainProtocol.swift */ = {isa = PBXFileReference; lastKnownFileType = sourcecode.swift; path = MainProtocol.swift; sourceTree = "<group>"; };
		3C51740A2ACB58CE007A3E3F /* LoginController.swift */ = {isa = PBXFileReference; lastKnownFileType = sourcecode.swift; path = LoginController.swift; sourceTree = "<group>"; };
		3C51740D2ACB5F30007A3E3F /* TitleView.swift */ = {isa = PBXFileReference; lastKnownFileType = sourcecode.swift; path = TitleView.swift; sourceTree = "<group>"; };
		3C51740F2ACB63AF007A3E3F /* LineView.swift */ = {isa = PBXFileReference; lastKnownFileType = sourcecode.swift; path = LineView.swift; sourceTree = "<group>"; };
		3C5174112ACB640D007A3E3F /* LoginProtocol.swift */ = {isa = PBXFileReference; lastKnownFileType = sourcecode.swift; path = LoginProtocol.swift; sourceTree = "<group>"; };
		3C5174132ACB6868007A3E3F /* CreateUI.swift */ = {isa = PBXFileReference; lastKnownFileType = sourcecode.swift; path = CreateUI.swift; sourceTree = "<group>"; };
		3C5174152ACBEE30007A3E3F /* ActionButton.swift */ = {isa = PBXFileReference; lastKnownFileType = sourcecode.swift; path = ActionButton.swift; sourceTree = "<group>"; };
		3C5174172ACC1FF4007A3E3F /* DisplayError.swift */ = {isa = PBXFileReference; lastKnownFileType = sourcecode.swift; path = DisplayError.swift; sourceTree = "<group>"; };
		3C5174192ACC300C007A3E3F /* ColorView.swift */ = {isa = PBXFileReference; lastKnownFileType = sourcecode.swift; path = ColorView.swift; sourceTree = "<group>"; };
		3C51741B2ACC3689007A3E3F /* CreateProfileUI.swift */ = {isa = PBXFileReference; lastKnownFileType = sourcecode.swift; path = CreateProfileUI.swift; sourceTree = "<group>"; };
		3C51741D2ACC4BE5007A3E3F /* CellView.swift */ = {isa = PBXFileReference; lastKnownFileType = sourcecode.swift; path = CellView.swift; sourceTree = "<group>"; };
		3C51741F2ACC4C7E007A3E3F /* VStack.swift */ = {isa = PBXFileReference; lastKnownFileType = sourcecode.swift; path = VStack.swift; sourceTree = "<group>"; };
		3C5174212ACC4CD9007A3E3F /* HeaderLabel.swift */ = {isa = PBXFileReference; lastKnownFileType = sourcecode.swift; path = HeaderLabel.swift; sourceTree = "<group>"; };
		3C5174232ACC4D83007A3E3F /* ProfileLabel.swift */ = {isa = PBXFileReference; lastKnownFileType = sourcecode.swift; path = ProfileLabel.swift; sourceTree = "<group>"; };
		3C5174252ACC53A6007A3E3F /* HStack.swift */ = {isa = PBXFileReference; lastKnownFileType = sourcecode.swift; path = HStack.swift; sourceTree = "<group>"; };
		3C6132632ACC960B00783E37 /* CircularProgressView.swift */ = {isa = PBXFileReference; lastKnownFileType = sourcecode.swift; path = CircularProgressView.swift; sourceTree = "<group>"; };
		3C6132652ACCA50000783E37 /* Sections.swift */ = {isa = PBXFileReference; lastKnownFileType = sourcecode.swift; path = Sections.swift; sourceTree = "<group>"; };
		3C6132672ACCA67500783E37 /* SupplementaryViewKind.swift */ = {isa = PBXFileReference; lastKnownFileType = sourcecode.swift; path = SupplementaryViewKind.swift; sourceTree = "<group>"; };
		3C6132692ACCA6B100783E37 /* HeaderView.swift */ = {isa = PBXFileReference; lastKnownFileType = sourcecode.swift; path = HeaderView.swift; sourceTree = "<group>"; };
		3C61326B2ACCAA0D00783E37 /* Layout.swift */ = {isa = PBXFileReference; lastKnownFileType = sourcecode.swift; path = Layout.swift; sourceTree = "<group>"; };
		3C61326D2ACCAF3D00783E37 /* DataSource.swift */ = {isa = PBXFileReference; lastKnownFileType = sourcecode.swift; path = DataSource.swift; sourceTree = "<group>"; };
		3C7452D82AD0165C00AE924E /* LoadingView.swift */ = {isa = PBXFileReference; lastKnownFileType = sourcecode.swift; path = LoadingView.swift; sourceTree = "<group>"; };
		3C7452DA2AD019CB00AE924E /* PresentLoadingView.swift */ = {isa = PBXFileReference; lastKnownFileType = sourcecode.swift; path = PresentLoadingView.swift; sourceTree = "<group>"; };
		3C7452DC2AD0562900AE924E /* SearchSections.swift */ = {isa = PBXFileReference; lastKnownFileType = sourcecode.swift; path = SearchSections.swift; sourceTree = "<group>"; };
		3C7452DE2AD0563B00AE924E /* SearchLayout.swift */ = {isa = PBXFileReference; lastKnownFileType = sourcecode.swift; path = SearchLayout.swift; sourceTree = "<group>"; };
		3C7452E02AD0565400AE924E /* SearchDataSource.swift */ = {isa = PBXFileReference; lastKnownFileType = sourcecode.swift; path = SearchDataSource.swift; sourceTree = "<group>"; };
		3C7452E22AD05D9100AE924E /* SearchResultUpdating.swift */ = {isa = PBXFileReference; lastKnownFileType = sourcecode.swift; path = SearchResultUpdating.swift; sourceTree = "<group>"; };
		3C7452E42AD05EF800AE924E /* FetchSearchMovies.swift */ = {isa = PBXFileReference; lastKnownFileType = sourcecode.swift; path = FetchSearchMovies.swift; sourceTree = "<group>"; };
		3C7452E62AD17A3D00AE924E /* FetchFavourites.swift */ = {isa = PBXFileReference; lastKnownFileType = sourcecode.swift; path = FetchFavourites.swift; sourceTree = "<group>"; };
		3C7452E82AD17F4700AE924E /* FavouritesSections.swift */ = {isa = PBXFileReference; lastKnownFileType = sourcecode.swift; path = FavouritesSections.swift; sourceTree = "<group>"; };
		3C7452EA2AD17F7400AE924E /* FavouritesLayout.swift */ = {isa = PBXFileReference; lastKnownFileType = sourcecode.swift; path = FavouritesLayout.swift; sourceTree = "<group>"; };
		3C7452EC2AD17F9C00AE924E /* FavouritesDataSource.swift */ = {isa = PBXFileReference; lastKnownFileType = sourcecode.swift; path = FavouritesDataSource.swift; sourceTree = "<group>"; };
		3C7452EE2AD1A39F00AE924E /* ProtocolIsFavourites.swift */ = {isa = PBXFileReference; lastKnownFileType = sourcecode.swift; path = ProtocolIsFavourites.swift; sourceTree = "<group>"; };
		3CE7A6872ACC7ADC00A51077 /* MovieCell.swift */ = {isa = PBXFileReference; lastKnownFileType = sourcecode.swift; path = MovieCell.swift; sourceTree = "<group>"; };
/* End PBXFileReference section */

/* Begin PBXFrameworksBuildPhase section */
		3C2E3A9A2ACB3B7000485702 /* Frameworks */ = {
			isa = PBXFrameworksBuildPhase;
			buildActionMask = 2147483647;
			files = (
				3C5173EC2ACB4A1E007A3E3F /* YouTubeiOSPlayerHelper in Frameworks */,
				3C5173EF2ACB4A7F007A3E3F /* FirebaseAuth in Frameworks */,
				3C5173F12ACB4A7F007A3E3F /* FirebaseFirestore in Frameworks */,
				3C5173F32ACB4A7F007A3E3F /* FirebaseFirestoreSwift in Frameworks */,
			);
			runOnlyForDeploymentPostprocessing = 0;
		};
		3C2E3AB02ACB3B7100485702 /* Frameworks */ = {
			isa = PBXFrameworksBuildPhase;
			buildActionMask = 2147483647;
			files = (
			);
			runOnlyForDeploymentPostprocessing = 0;
		};
		3C2E3ABA2ACB3B7100485702 /* Frameworks */ = {
			isa = PBXFrameworksBuildPhase;
			buildActionMask = 2147483647;
			files = (
			);
			runOnlyForDeploymentPostprocessing = 0;
		};
/* End PBXFrameworksBuildPhase section */

/* Begin PBXGroup section */
		3C0B4B272ACF0A4300416EAC /* Controller */ = {
			isa = PBXGroup;
			children = (
				3C0B4B2A2ACF0A9100416EAC /* FullScreenImageController.swift */,
				3C0B4B322ACF271000416EAC /* FullScreenCreateUI.swift */,
				3C0B4B342ACF2A3B00416EAC /* ButtonsActions.swift */,
				3C0B4B362ACF30D700416EAC /* Gesture.swift */,
			);
			path = Controller;
			sourceTree = "<group>";
		};
		3C0B4B282ACF0A4C00416EAC /* View */ = {
			isa = PBXGroup;
			children = (
			);
			path = View;
			sourceTree = "<group>";
		};
		3C0B4B292ACF0A5100416EAC /* Model */ = {
			isa = PBXGroup;
			children = (
			);
			path = Model;
			sourceTree = "<group>";
		};
		3C0B4B2E2ACF1F1D00416EAC /* Player */ = {
			isa = PBXGroup;
			children = (
				3C0B4B312ACF1F4900416EAC /* Model */,
				3C0B4B302ACF1F4400416EAC /* View */,
				3C0B4B2F2ACF1F3900416EAC /* Controller */,
			);
			path = Player;
			sourceTree = "<group>";
		};
		3C0B4B2F2ACF1F3900416EAC /* Controller */ = {
			isa = PBXGroup;
			children = (
				3C0B4B2C2ACF144400416EAC /* PlayerController.swift */,
			);
			path = Controller;
			sourceTree = "<group>";
		};
		3C0B4B302ACF1F4400416EAC /* View */ = {
			isa = PBXGroup;
			children = (
			);
			path = View;
			sourceTree = "<group>";
		};
		3C0B4B312ACF1F4900416EAC /* Model */ = {
			isa = PBXGroup;
			children = (
			);
			path = Model;
			sourceTree = "<group>";
		};
		3C2E3A942ACB3B7000485702 = {
			isa = PBXGroup;
			children = (
				3C2E3A9F2ACB3B7000485702 /* MoviesAppUIKit */,
				3C2E3AB62ACB3B7100485702 /* MoviesAppUIKitTests */,
				3C2E3AC02ACB3B7100485702 /* MoviesAppUIKitUITests */,
				3C2E3A9E2ACB3B7000485702 /* Products */,
			);
			sourceTree = "<group>";
		};
		3C2E3A9E2ACB3B7000485702 /* Products */ = {
			isa = PBXGroup;
			children = (
				3C2E3A9D2ACB3B7000485702 /* MoviesAppUIKit.app */,
				3C2E3AB32ACB3B7100485702 /* MoviesAppUIKitTests.xctest */,
				3C2E3ABD2ACB3B7100485702 /* MoviesAppUIKitUITests.xctest */,
			);
			name = Products;
			sourceTree = "<group>";
		};
		3C2E3A9F2ACB3B7000485702 /* MoviesAppUIKit */ = {
			isa = PBXGroup;
			children = (
				3C2E3AD12ACB3BF700485702 /* Application */,
				3C5173F42ACB4CCE007A3E3F /* TabBarController */,
				3C2E3AF12ACB3E4A00485702 /* Scenes */,
				3C2E3B162ACB40F900485702 /* FavouriteManager */,
				3C2E3ADD2ACB3C8400485702 /* Mocks */,
				3C2E3AD02ACB3BE000485702 /* Resources */,
				3C51740C2ACB5EEB007A3E3F /* ReusableViews */,
				3C5174072ACB54ED007A3E3F /* Protocols */,
				3C2E3AD22ACB3C3500485702 /* Network */,
			);
			path = MoviesAppUIKit;
			sourceTree = "<group>";
		};
		3C2E3AB62ACB3B7100485702 /* MoviesAppUIKitTests */ = {
			isa = PBXGroup;
			children = (
				3C2E3AB72ACB3B7100485702 /* MoviesAppUIKitTests.swift */,
			);
			path = MoviesAppUIKitTests;
			sourceTree = "<group>";
		};
		3C2E3AC02ACB3B7100485702 /* MoviesAppUIKitUITests */ = {
			isa = PBXGroup;
			children = (
				3C2E3AC12ACB3B7100485702 /* MoviesAppUIKitUITests.swift */,
				3C2E3AC32ACB3B7100485702 /* MoviesAppUIKitUITestsLaunchTests.swift */,
			);
			path = MoviesAppUIKitUITests;
			sourceTree = "<group>";
		};
		3C2E3AD02ACB3BE000485702 /* Resources */ = {
			isa = PBXGroup;
			children = (
				3C2E3AE22ACB3CE600485702 /* GoogleService-Info.plist */,
				3C2E3ADE2ACB3CDB00485702 /* ExtensionEncodable.swift */,
				3C2E3ADF2ACB3CDB00485702 /* ExtensionUIImage.swift */,
				3C2E3AAE2ACB3B7100485702 /* Info.plist */,
				3C2E3AA92ACB3B7100485702 /* Assets.xcassets */,
			);
			path = Resources;
			sourceTree = "<group>";
		};
		3C2E3AD12ACB3BF700485702 /* Application */ = {
			isa = PBXGroup;
			children = (
				3C2E3AA02ACB3B7000485702 /* AppDelegate.swift */,
				3C2E3AA22ACB3B7000485702 /* SceneDelegate.swift */,
			);
			path = Application;
			sourceTree = "<group>";
		};
		3C2E3AD22ACB3C3500485702 /* Network */ = {
			isa = PBXGroup;
			children = (
				3C2E3AD62ACB3C6700485702 /* Network.swift */,
				3C2E3AD52ACB3C6700485702 /* NetworkClient.swift */,
				3C2E3AD32ACB3C6700485702 /* NetworkErrors.swift */,
				3C2E3AD72ACB3C6700485702 /* NetworkTypes.swift */,
				3C2E3AD42ACB3C6700485702 /* NetworkURL.swift */,
			);
			path = Network;
			sourceTree = "<group>";
		};
		3C2E3ADD2ACB3C8400485702 /* Mocks */ = {
			isa = PBXGroup;
			children = (
			);
			path = Mocks;
			sourceTree = "<group>";
		};
		3C2E3AF12ACB3E4A00485702 /* Scenes */ = {
			isa = PBXGroup;
			children = (
				3C5173F82ACB5268007A3E3F /* Profile */,
				3C5173F72ACB525F007A3E3F /* Search */,
				3C2E3B142ACB405300485702 /* Main */,
				3C2E3B0E2ACB3FFB00485702 /* Favourites */,
				3C2E3B0A2ACB3FB600485702 /* Forgot */,
				3C2E3B062ACB3F8F00485702 /* Register */,
				3C2E3B002ACB3F3B00485702 /* Login */,
				3C2E3AF22ACB3E6300485702 /* Movies */,
				3C2E3AF82ACB3ED200485702 /* MovieDetail */,
				3C0B4B2E2ACF1F1D00416EAC /* Player */,
				3C2E3B152ACB408C00485702 /* FullScreenImage */,
			);
			path = Scenes;
			sourceTree = "<group>";
		};
		3C2E3AF22ACB3E6300485702 /* Movies */ = {
			isa = PBXGroup;
			children = (
				3C2E3AF52ACB3E8300485702 /* Model */,
				3C2E3AF42ACB3E7C00485702 /* View */,
				3C2E3AF32ACB3E7000485702 /* Controller */,
			);
			path = Movies;
			sourceTree = "<group>";
		};
		3C2E3AF32ACB3E7000485702 /* Controller */ = {
			isa = PBXGroup;
			children = (
				3C5174052ACB5320007A3E3F /* MoviesController.swift */,
				3C6132652ACCA50000783E37 /* Sections.swift */,
				3C6132672ACCA67500783E37 /* SupplementaryViewKind.swift */,
				3C61326B2ACCAA0D00783E37 /* Layout.swift */,
				3C61326D2ACCAF3D00783E37 /* DataSource.swift */,
				3C0B4AD92ACDBBD100416EAC /* FetchMovies.swift */,
			);
			path = Controller;
			sourceTree = "<group>";
		};
		3C2E3AF42ACB3E7C00485702 /* View */ = {
			isa = PBXGroup;
			children = (
				3CE7A6872ACC7ADC00A51077 /* MovieCell.swift */,
				3C6132692ACCA6B100783E37 /* HeaderView.swift */,
			);
			path = View;
			sourceTree = "<group>";
		};
		3C2E3AF52ACB3E8300485702 /* Model */ = {
			isa = PBXGroup;
			children = (
				3C2E3AF62ACB3EB400485702 /* Movie.swift */,
				3C0B4ADB2ACDCE9E00416EAC /* Item.swift */,
			);
			path = Model;
			sourceTree = "<group>";
		};
		3C2E3AF82ACB3ED200485702 /* MovieDetail */ = {
			isa = PBXGroup;
			children = (
				3C2E3AFB2ACB3EF400485702 /* Model */,
				3C2E3AFA2ACB3EED00485702 /* View */,
				3C2E3AF92ACB3EE200485702 /* Controller */,
			);
			path = MovieDetail;
			sourceTree = "<group>";
		};
		3C2E3AF92ACB3EE200485702 /* Controller */ = {
			isa = PBXGroup;
			children = (
				3C0B4ADD2ACDDB2100416EAC /* MovieDetailController.swift */,
			);
			path = Controller;
			sourceTree = "<group>";
		};
		3C2E3AFA2ACB3EED00485702 /* View */ = {
			isa = PBXGroup;
			children = (
				3C0B4ADF2ACDE02000416EAC /* MovieDetailView.swift */,
				3C0B4B252ACEFE2A00416EAC /* CollectionView.swift */,
				3C0B4B212ACEFD2600416EAC /* SetupUI.swift */,
				3C0B4B232ACEFDB900416EAC /* Helpers.swift */,
				3C0B4AE32ACDEFD900416EAC /* PhotosCell.swift */,
				3C0B4AE12ACDEE7200416EAC /* PhotosCollectionView.swift */,
			);
			path = View;
			sourceTree = "<group>";
		};
		3C2E3AFB2ACB3EF400485702 /* Model */ = {
			isa = PBXGroup;
			children = (
				3C2E3AFD2ACB3F0300485702 /* Photos.swift */,
				3C2E3AFC2ACB3F0300485702 /* Videos.swift */,
			);
			path = Model;
			sourceTree = "<group>";
		};
		3C2E3B002ACB3F3B00485702 /* Login */ = {
			isa = PBXGroup;
			children = (
				3C2E3B032ACB3F6200485702 /* Model */,
				3C2E3B022ACB3F5C00485702 /* View */,
				3C2E3B012ACB3F5400485702 /* Controller */,
			);
			path = Login;
			sourceTree = "<group>";
		};
		3C2E3B012ACB3F5400485702 /* Controller */ = {
			isa = PBXGroup;
			children = (
				3C51740A2ACB58CE007A3E3F /* LoginController.swift */,
				3C5174132ACB6868007A3E3F /* CreateUI.swift */,
				3C5174172ACC1FF4007A3E3F /* DisplayError.swift */,
			);
			path = Controller;
			sourceTree = "<group>";
		};
		3C2E3B022ACB3F5C00485702 /* View */ = {
			isa = PBXGroup;
			children = (
			);
			path = View;
			sourceTree = "<group>";
		};
		3C2E3B032ACB3F6200485702 /* Model */ = {
			isa = PBXGroup;
			children = (
				3C2E3B042ACB3F7400485702 /* User.swift */,
			);
			path = Model;
			sourceTree = "<group>";
		};
		3C2E3B062ACB3F8F00485702 /* Register */ = {
			isa = PBXGroup;
			children = (
				3C2E3B092ACB3FAB00485702 /* Model */,
				3C2E3B082ACB3FA400485702 /* View */,
				3C2E3B072ACB3F9D00485702 /* Controller */,
			);
			path = Register;
			sourceTree = "<group>";
		};
		3C2E3B072ACB3F9D00485702 /* Controller */ = {
			isa = PBXGroup;
			children = (
			);
			path = Controller;
			sourceTree = "<group>";
		};
		3C2E3B082ACB3FA400485702 /* View */ = {
			isa = PBXGroup;
			children = (
			);
			path = View;
			sourceTree = "<group>";
		};
		3C2E3B092ACB3FAB00485702 /* Model */ = {
			isa = PBXGroup;
			children = (
			);
			path = Model;
			sourceTree = "<group>";
		};
		3C2E3B0A2ACB3FB600485702 /* Forgot */ = {
			isa = PBXGroup;
			children = (
				3C2E3B0D2ACB3FCE00485702 /* Model */,
				3C2E3B0C2ACB3FC900485702 /* View */,
				3C2E3B0B2ACB3FC000485702 /* Controller */,
			);
			path = Forgot;
			sourceTree = "<group>";
		};
		3C2E3B0B2ACB3FC000485702 /* Controller */ = {
			isa = PBXGroup;
			children = (
			);
			path = Controller;
			sourceTree = "<group>";
		};
		3C2E3B0C2ACB3FC900485702 /* View */ = {
			isa = PBXGroup;
			children = (
			);
			path = View;
			sourceTree = "<group>";
		};
		3C2E3B0D2ACB3FCE00485702 /* Model */ = {
			isa = PBXGroup;
			children = (
			);
			path = Model;
			sourceTree = "<group>";
		};
		3C2E3B0E2ACB3FFB00485702 /* Favourites */ = {
			isa = PBXGroup;
			children = (
				3C2E3B112ACB401200485702 /* Model */,
				3C2E3B102ACB400E00485702 /* View */,
				3C2E3B0F2ACB400500485702 /* Controller */,
			);
			path = Favourites;
			sourceTree = "<group>";
		};
		3C2E3B0F2ACB400500485702 /* Controller */ = {
			isa = PBXGroup;
			children = (
				3C5174032ACB530D007A3E3F /* FavouritesController.swift */,
				3C7452E82AD17F4700AE924E /* FavouritesSections.swift */,
				3C7452EA2AD17F7400AE924E /* FavouritesLayout.swift */,
				3C7452EC2AD17F9C00AE924E /* FavouritesDataSource.swift */,
				3C7452E62AD17A3D00AE924E /* FetchFavourites.swift */,
			);
			path = Controller;
			sourceTree = "<group>";
		};
		3C2E3B102ACB400E00485702 /* View */ = {
			isa = PBXGroup;
			children = (
			);
			path = View;
			sourceTree = "<group>";
		};
		3C2E3B112ACB401200485702 /* Model */ = {
			isa = PBXGroup;
			children = (
				3C2E3B122ACB403600485702 /* DBModel.swift */,
			);
			path = Model;
			sourceTree = "<group>";
		};
		3C2E3B142ACB405300485702 /* Main */ = {
			isa = PBXGroup;
			children = (
				3C5173E92ACB47DB007A3E3F /* Model */,
				3C5173E82ACB47D5007A3E3F /* View */,
				3C5173E72ACB47CC007A3E3F /* Controller */,
			);
			path = Main;
			sourceTree = "<group>";
		};
		3C2E3B152ACB408C00485702 /* FullScreenImage */ = {
			isa = PBXGroup;
			children = (
				3C0B4B292ACF0A5100416EAC /* Model */,
				3C0B4B282ACF0A4C00416EAC /* View */,
				3C0B4B272ACF0A4300416EAC /* Controller */,
			);
			path = FullScreenImage;
			sourceTree = "<group>";
		};
		3C2E3B162ACB40F900485702 /* FavouriteManager */ = {
			isa = PBXGroup;
			children = (
				3C2E3B172ACB410900485702 /* FavouriteManager.swift */,
				3C7452EE2AD1A39F00AE924E /* ProtocolIsFavourites.swift */,
			);
			path = FavouriteManager;
			sourceTree = "<group>";
		};
		3C5173E72ACB47CC007A3E3F /* Controller */ = {
			isa = PBXGroup;
			children = (
				3C2E3AA42ACB3B7000485702 /* MainController.swift */,
			);
			path = Controller;
			sourceTree = "<group>";
		};
		3C5173E82ACB47D5007A3E3F /* View */ = {
			isa = PBXGroup;
			children = (
			);
			path = View;
			sourceTree = "<group>";
		};
		3C5173E92ACB47DB007A3E3F /* Model */ = {
			isa = PBXGroup;
			children = (
			);
			path = Model;
			sourceTree = "<group>";
		};
		3C5173F42ACB4CCE007A3E3F /* TabBarController */ = {
			isa = PBXGroup;
			children = (
				3C5173F52ACB4D27007A3E3F /* TabBarController.swift */,
			);
			path = TabBarController;
			sourceTree = "<group>";
		};
		3C5173F72ACB525F007A3E3F /* Search */ = {
			isa = PBXGroup;
			children = (
				3C5173FB2ACB528B007A3E3F /* Model */,
				3C5173FA2ACB5285007A3E3F /* View */,
				3C5173F92ACB5278007A3E3F /* Controller */,
			);
			path = Search;
			sourceTree = "<group>";
		};
		3C5173F82ACB5268007A3E3F /* Profile */ = {
			isa = PBXGroup;
			children = (
				3C5173FE2ACB52A1007A3E3F /* Model */,
				3C5173FD2ACB5299007A3E3F /* View */,
				3C5173FC2ACB5291007A3E3F /* Controller */,
			);
			path = Profile;
			sourceTree = "<group>";
		};
		3C5173F92ACB5278007A3E3F /* Controller */ = {
			isa = PBXGroup;
			children = (
				3C5174012ACB52FA007A3E3F /* SearchController.swift */,
				3C7452DC2AD0562900AE924E /* SearchSections.swift */,
				3C7452DE2AD0563B00AE924E /* SearchLayout.swift */,
				3C7452E02AD0565400AE924E /* SearchDataSource.swift */,
				3C7452E22AD05D9100AE924E /* SearchResultUpdating.swift */,
				3C7452E42AD05EF800AE924E /* FetchSearchMovies.swift */,
			);
			path = Controller;
			sourceTree = "<group>";
		};
		3C5173FA2ACB5285007A3E3F /* View */ = {
			isa = PBXGroup;
			children = (
			);
			path = View;
			sourceTree = "<group>";
		};
		3C5173FB2ACB528B007A3E3F /* Model */ = {
			isa = PBXGroup;
			children = (
			);
			path = Model;
			sourceTree = "<group>";
		};
		3C5173FC2ACB5291007A3E3F /* Controller */ = {
			isa = PBXGroup;
			children = (
				3C5173FF2ACB52C5007A3E3F /* ProfileController.swift */,
				3C51741B2ACC3689007A3E3F /* CreateProfileUI.swift */,
				3C7452DA2AD019CB00AE924E /* PresentLoadingView.swift */,
			);
			path = Controller;
			sourceTree = "<group>";
		};
		3C5173FD2ACB5299007A3E3F /* View */ = {
			isa = PBXGroup;
			children = (
				3C51741D2ACC4BE5007A3E3F /* CellView.swift */,
				3C5174212ACC4CD9007A3E3F /* HeaderLabel.swift */,
				3C5174232ACC4D83007A3E3F /* ProfileLabel.swift */,
				3C7452D82AD0165C00AE924E /* LoadingView.swift */,
			);
			path = View;
			sourceTree = "<group>";
		};
		3C5173FE2ACB52A1007A3E3F /* Model */ = {
			isa = PBXGroup;
			children = (
			);
			path = Model;
			sourceTree = "<group>";
		};
		3C5174072ACB54ED007A3E3F /* Protocols */ = {
			isa = PBXGroup;
			children = (
				3C5174082ACB5511007A3E3F /* MainProtocol.swift */,
				3C5174112ACB640D007A3E3F /* LoginProtocol.swift */,
			);
			path = Protocols;
			sourceTree = "<group>";
		};
		3C51740C2ACB5EEB007A3E3F /* ReusableViews */ = {
			isa = PBXGroup;
			children = (
				3C6132632ACC960B00783E37 /* CircularProgressView.swift */,
				3C5174192ACC300C007A3E3F /* ColorView.swift */,
				3C51740D2ACB5F30007A3E3F /* TitleView.swift */,
				3C51740F2ACB63AF007A3E3F /* LineView.swift */,
				3C51741F2ACC4C7E007A3E3F /* VStack.swift */,
				3C5174252ACC53A6007A3E3F /* HStack.swift */,
				3C5174152ACBEE30007A3E3F /* ActionButton.swift */,
			);
			path = ReusableViews;
			sourceTree = "<group>";
		};
/* End PBXGroup section */

/* Begin PBXNativeTarget section */
		3C2E3A9C2ACB3B7000485702 /* MoviesAppUIKit */ = {
			isa = PBXNativeTarget;
			buildConfigurationList = 3C2E3AC72ACB3B7100485702 /* Build configuration list for PBXNativeTarget "MoviesAppUIKit" */;
			buildPhases = (
				3C2E3A992ACB3B7000485702 /* Sources */,
				3C2E3A9A2ACB3B7000485702 /* Frameworks */,
				3C2E3A9B2ACB3B7000485702 /* Resources */,
			);
			buildRules = (
			);
			dependencies = (
			);
			name = MoviesAppUIKit;
			packageProductDependencies = (
				3C5173EB2ACB4A1E007A3E3F /* YouTubeiOSPlayerHelper */,
				3C5173EE2ACB4A7F007A3E3F /* FirebaseAuth */,
				3C5173F02ACB4A7F007A3E3F /* FirebaseFirestore */,
				3C5173F22ACB4A7F007A3E3F /* FirebaseFirestoreSwift */,
			);
			productName = MoviesAppUIKit;
			productReference = 3C2E3A9D2ACB3B7000485702 /* MoviesAppUIKit.app */;
			productType = "com.apple.product-type.application";
		};
		3C2E3AB22ACB3B7100485702 /* MoviesAppUIKitTests */ = {
			isa = PBXNativeTarget;
			buildConfigurationList = 3C2E3ACA2ACB3B7100485702 /* Build configuration list for PBXNativeTarget "MoviesAppUIKitTests" */;
			buildPhases = (
				3C2E3AAF2ACB3B7100485702 /* Sources */,
				3C2E3AB02ACB3B7100485702 /* Frameworks */,
				3C2E3AB12ACB3B7100485702 /* Resources */,
			);
			buildRules = (
			);
			dependencies = (
				3C2E3AB52ACB3B7100485702 /* PBXTargetDependency */,
			);
			name = MoviesAppUIKitTests;
			productName = MoviesAppUIKitTests;
			productReference = 3C2E3AB32ACB3B7100485702 /* MoviesAppUIKitTests.xctest */;
			productType = "com.apple.product-type.bundle.unit-test";
		};
		3C2E3ABC2ACB3B7100485702 /* MoviesAppUIKitUITests */ = {
			isa = PBXNativeTarget;
			buildConfigurationList = 3C2E3ACD2ACB3B7100485702 /* Build configuration list for PBXNativeTarget "MoviesAppUIKitUITests" */;
			buildPhases = (
				3C2E3AB92ACB3B7100485702 /* Sources */,
				3C2E3ABA2ACB3B7100485702 /* Frameworks */,
				3C2E3ABB2ACB3B7100485702 /* Resources */,
			);
			buildRules = (
			);
			dependencies = (
				3C2E3ABF2ACB3B7100485702 /* PBXTargetDependency */,
			);
			name = MoviesAppUIKitUITests;
			productName = MoviesAppUIKitUITests;
			productReference = 3C2E3ABD2ACB3B7100485702 /* MoviesAppUIKitUITests.xctest */;
			productType = "com.apple.product-type.bundle.ui-testing";
		};
/* End PBXNativeTarget section */

/* Begin PBXProject section */
		3C2E3A952ACB3B7000485702 /* Project object */ = {
			isa = PBXProject;
			attributes = {
				BuildIndependentTargetsInParallel = 1;
				LastSwiftUpdateCheck = 1500;
				LastUpgradeCheck = 1500;
				TargetAttributes = {
					3C2E3A9C2ACB3B7000485702 = {
						CreatedOnToolsVersion = 15.0;
					};
					3C2E3AB22ACB3B7100485702 = {
						CreatedOnToolsVersion = 15.0;
						TestTargetID = 3C2E3A9C2ACB3B7000485702;
					};
					3C2E3ABC2ACB3B7100485702 = {
						CreatedOnToolsVersion = 15.0;
						TestTargetID = 3C2E3A9C2ACB3B7000485702;
					};
				};
			};
			buildConfigurationList = 3C2E3A982ACB3B7000485702 /* Build configuration list for PBXProject "MoviesAppUIKit" */;
			compatibilityVersion = "Xcode 14.0";
			developmentRegion = en;
			hasScannedForEncodings = 0;
			knownRegions = (
				en,
				Base,
			);
			mainGroup = 3C2E3A942ACB3B7000485702;
			packageReferences = (
				3C5173EA2ACB4A1E007A3E3F /* XCRemoteSwiftPackageReference "youtube-ios-player-helper" */,
				3C5173ED2ACB4A7F007A3E3F /* XCRemoteSwiftPackageReference "firebase-ios-sdk" */,
			);
			productRefGroup = 3C2E3A9E2ACB3B7000485702 /* Products */;
			projectDirPath = "";
			projectRoot = "";
			targets = (
				3C2E3A9C2ACB3B7000485702 /* MoviesAppUIKit */,
				3C2E3AB22ACB3B7100485702 /* MoviesAppUIKitTests */,
				3C2E3ABC2ACB3B7100485702 /* MoviesAppUIKitUITests */,
			);
		};
/* End PBXProject section */

/* Begin PBXResourcesBuildPhase section */
		3C2E3A9B2ACB3B7000485702 /* Resources */ = {
			isa = PBXResourcesBuildPhase;
			buildActionMask = 2147483647;
			files = (
				3C2E3AAA2ACB3B7100485702 /* Assets.xcassets in Resources */,
				3C2E3AE32ACB3CE600485702 /* GoogleService-Info.plist in Resources */,
			);
			runOnlyForDeploymentPostprocessing = 0;
		};
		3C2E3AB12ACB3B7100485702 /* Resources */ = {
			isa = PBXResourcesBuildPhase;
			buildActionMask = 2147483647;
			files = (
			);
			runOnlyForDeploymentPostprocessing = 0;
		};
		3C2E3ABB2ACB3B7100485702 /* Resources */ = {
			isa = PBXResourcesBuildPhase;
			buildActionMask = 2147483647;
			files = (
			);
			runOnlyForDeploymentPostprocessing = 0;
		};
/* End PBXResourcesBuildPhase section */

/* Begin PBXSourcesBuildPhase section */
		3C2E3A992ACB3B7000485702 /* Sources */ = {
			isa = PBXSourcesBuildPhase;
			buildActionMask = 2147483647;
			files = (
				3C0B4ADA2ACDBBD100416EAC /* FetchMovies.swift in Sources */,
				3C2E3AE02ACB3CDB00485702 /* ExtensionEncodable.swift in Sources */,
				3C2E3B182ACB410900485702 /* FavouriteManager.swift in Sources */,
				3C0B4B222ACEFD2600416EAC /* SetupUI.swift in Sources */,
				3C5174202ACC4C7E007A3E3F /* VStack.swift in Sources */,
				3C7452EF2AD1A39F00AE924E /* ProtocolIsFavourites.swift in Sources */,
				3C5174022ACB52FA007A3E3F /* SearchController.swift in Sources */,
				3C0B4ADC2ACDCE9E00416EAC /* Item.swift in Sources */,
				3C7452D92AD0165C00AE924E /* LoadingView.swift in Sources */,
				3C2E3AE12ACB3CDB00485702 /* ExtensionUIImage.swift in Sources */,
				3C51741E2ACC4BE5007A3E3F /* CellView.swift in Sources */,
				3C2E3AA52ACB3B7000485702 /* MainController.swift in Sources */,
				3C5174242ACC4D83007A3E3F /* ProfileLabel.swift in Sources */,
				3C61326C2ACCAA0D00783E37 /* Layout.swift in Sources */,
				3C5174222ACC4CD9007A3E3F /* HeaderLabel.swift in Sources */,
				3C7452EB2AD17F7400AE924E /* FavouritesLayout.swift in Sources */,
				3C7452DD2AD0562900AE924E /* SearchSections.swift in Sources */,
				3C7452ED2AD17F9C00AE924E /* FavouritesDataSource.swift in Sources */,
				3C5174262ACC53A6007A3E3F /* HStack.swift in Sources */,
				3C0B4B352ACF2A3B00416EAC /* ButtonsActions.swift in Sources */,
				3C0B4ADE2ACDDB2100416EAC /* MovieDetailController.swift in Sources */,
				3C7452E32AD05D9100AE924E /* SearchResultUpdating.swift in Sources */,
				3C5174042ACB530D007A3E3F /* FavouritesController.swift in Sources */,
				3C2E3AD82ACB3C6700485702 /* NetworkErrors.swift in Sources */,
				3C61326A2ACCA6B100783E37 /* HeaderView.swift in Sources */,
				3C5174002ACB52C5007A3E3F /* ProfileController.swift in Sources */,
				3C7452E72AD17A3D00AE924E /* FetchFavourites.swift in Sources */,
				3C5174092ACB5511007A3E3F /* MainProtocol.swift in Sources */,
				3C51740B2ACB58CE007A3E3F /* LoginController.swift in Sources */,
				3C2E3AA12ACB3B7000485702 /* AppDelegate.swift in Sources */,
				3C0B4B242ACEFDB900416EAC /* Helpers.swift in Sources */,
				3C5173F62ACB4D27007A3E3F /* TabBarController.swift in Sources */,
				3C0B4B262ACEFE2A00416EAC /* CollectionView.swift in Sources */,
				3C2E3B132ACB403600485702 /* DBModel.swift in Sources */,
				3C5174182ACC1FF4007A3E3F /* DisplayError.swift in Sources */,
				3C5174102ACB63AF007A3E3F /* LineView.swift in Sources */,
				3C5174142ACB6868007A3E3F /* CreateUI.swift in Sources */,
				3C2E3AA32ACB3B7000485702 /* SceneDelegate.swift in Sources */,
				3C0B4AE42ACDEFD900416EAC /* PhotosCell.swift in Sources */,
				3C5174122ACB640D007A3E3F /* LoginProtocol.swift in Sources */,
				3C0B4AE22ACDEE7200416EAC /* PhotosCollectionView.swift in Sources */,
				3C7452E52AD05EF800AE924E /* FetchSearchMovies.swift in Sources */,
				3C2E3B052ACB3F7400485702 /* User.swift in Sources */,
				3C0B4B332ACF271000416EAC /* FullScreenCreateUI.swift in Sources */,
				3C0B4AE02ACDE02000416EAC /* MovieDetailView.swift in Sources */,
				3C6132662ACCA50000783E37 /* Sections.swift in Sources */,
				3C2E3ADC2ACB3C6700485702 /* NetworkTypes.swift in Sources */,
				3C5174062ACB5320007A3E3F /* MoviesController.swift in Sources */,
				3C7452E92AD17F4700AE924E /* FavouritesSections.swift in Sources */,
				3C0B4B372ACF30D700416EAC /* Gesture.swift in Sources */,
				3C51741C2ACC3689007A3E3F /* CreateProfileUI.swift in Sources */,
				3C2E3AFF2ACB3F0300485702 /* Photos.swift in Sources */,
				3CE7A6882ACC7ADC00A51077 /* MovieCell.swift in Sources */,
				3C2E3AD92ACB3C6700485702 /* NetworkURL.swift in Sources */,
				3C7452E12AD0565400AE924E /* SearchDataSource.swift in Sources */,
				3C2E3ADB2ACB3C6700485702 /* Network.swift in Sources */,
				3C51741A2ACC300C007A3E3F /* ColorView.swift in Sources */,
				3C2E3AFE2ACB3F0300485702 /* Videos.swift in Sources */,
				3C6132682ACCA67500783E37 /* SupplementaryViewKind.swift in Sources */,
				3C2E3AF72ACB3EB400485702 /* Movie.swift in Sources */,
				3C2E3ADA2ACB3C6700485702 /* NetworkClient.swift in Sources */,
				3C51740E2ACB5F30007A3E3F /* TitleView.swift in Sources */,
				3C7452DF2AD0563B00AE924E /* SearchLayout.swift in Sources */,
				3C6132642ACC960B00783E37 /* CircularProgressView.swift in Sources */,
				3C61326E2ACCAF3D00783E37 /* DataSource.swift in Sources */,
				3C0B4B2B2ACF0A9100416EAC /* FullScreenImageController.swift in Sources */,
				3C7452DB2AD019CB00AE924E /* PresentLoadingView.swift in Sources */,
				3C0B4B2D2ACF144400416EAC /* PlayerController.swift in Sources */,
				3C5174162ACBEE30007A3E3F /* ActionButton.swift in Sources */,
			);
			runOnlyForDeploymentPostprocessing = 0;
		};
		3C2E3AAF2ACB3B7100485702 /* Sources */ = {
			isa = PBXSourcesBuildPhase;
			buildActionMask = 2147483647;
			files = (
				3C2E3AB82ACB3B7100485702 /* MoviesAppUIKitTests.swift in Sources */,
			);
			runOnlyForDeploymentPostprocessing = 0;
		};
		3C2E3AB92ACB3B7100485702 /* Sources */ = {
			isa = PBXSourcesBuildPhase;
			buildActionMask = 2147483647;
			files = (
				3C2E3AC42ACB3B7100485702 /* MoviesAppUIKitUITestsLaunchTests.swift in Sources */,
				3C2E3AC22ACB3B7100485702 /* MoviesAppUIKitUITests.swift in Sources */,
			);
			runOnlyForDeploymentPostprocessing = 0;
		};
/* End PBXSourcesBuildPhase section */

/* Begin PBXTargetDependency section */
		3C2E3AB52ACB3B7100485702 /* PBXTargetDependency */ = {
			isa = PBXTargetDependency;
			target = 3C2E3A9C2ACB3B7000485702 /* MoviesAppUIKit */;
			targetProxy = 3C2E3AB42ACB3B7100485702 /* PBXContainerItemProxy */;
		};
		3C2E3ABF2ACB3B7100485702 /* PBXTargetDependency */ = {
			isa = PBXTargetDependency;
			target = 3C2E3A9C2ACB3B7000485702 /* MoviesAppUIKit */;
			targetProxy = 3C2E3ABE2ACB3B7100485702 /* PBXContainerItemProxy */;
		};
/* End PBXTargetDependency section */

/* Begin XCBuildConfiguration section */
		3C2E3AC52ACB3B7100485702 /* Debug */ = {
			isa = XCBuildConfiguration;
			buildSettings = {
				ALWAYS_SEARCH_USER_PATHS = NO;
				ASSETCATALOG_COMPILER_GENERATE_SWIFT_ASSET_SYMBOL_EXTENSIONS = YES;
				CLANG_ANALYZER_NONNULL = YES;
				CLANG_ANALYZER_NUMBER_OBJECT_CONVERSION = YES_AGGRESSIVE;
				CLANG_CXX_LANGUAGE_STANDARD = "gnu++20";
				CLANG_ENABLE_MODULES = YES;
				CLANG_ENABLE_OBJC_ARC = YES;
				CLANG_ENABLE_OBJC_WEAK = YES;
				CLANG_WARN_BLOCK_CAPTURE_AUTORELEASING = YES;
				CLANG_WARN_BOOL_CONVERSION = YES;
				CLANG_WARN_COMMA = YES;
				CLANG_WARN_CONSTANT_CONVERSION = YES;
				CLANG_WARN_DEPRECATED_OBJC_IMPLEMENTATIONS = YES;
				CLANG_WARN_DIRECT_OBJC_ISA_USAGE = YES_ERROR;
				CLANG_WARN_DOCUMENTATION_COMMENTS = YES;
				CLANG_WARN_EMPTY_BODY = YES;
				CLANG_WARN_ENUM_CONVERSION = YES;
				CLANG_WARN_INFINITE_RECURSION = YES;
				CLANG_WARN_INT_CONVERSION = YES;
				CLANG_WARN_NON_LITERAL_NULL_CONVERSION = YES;
				CLANG_WARN_OBJC_IMPLICIT_RETAIN_SELF = YES;
				CLANG_WARN_OBJC_LITERAL_CONVERSION = YES;
				CLANG_WARN_OBJC_ROOT_CLASS = YES_ERROR;
				CLANG_WARN_QUOTED_INCLUDE_IN_FRAMEWORK_HEADER = YES;
				CLANG_WARN_RANGE_LOOP_ANALYSIS = YES;
				CLANG_WARN_STRICT_PROTOTYPES = YES;
				CLANG_WARN_SUSPICIOUS_MOVE = YES;
				CLANG_WARN_UNGUARDED_AVAILABILITY = YES_AGGRESSIVE;
				CLANG_WARN_UNREACHABLE_CODE = YES;
				CLANG_WARN__DUPLICATE_METHOD_MATCH = YES;
				COPY_PHASE_STRIP = NO;
				DEBUG_INFORMATION_FORMAT = dwarf;
				ENABLE_STRICT_OBJC_MSGSEND = YES;
				ENABLE_TESTABILITY = YES;
				ENABLE_USER_SCRIPT_SANDBOXING = YES;
				GCC_C_LANGUAGE_STANDARD = gnu17;
				GCC_DYNAMIC_NO_PIC = NO;
				GCC_NO_COMMON_BLOCKS = YES;
				GCC_OPTIMIZATION_LEVEL = 0;
				GCC_PREPROCESSOR_DEFINITIONS = (
					"DEBUG=1",
					"$(inherited)",
				);
				GCC_WARN_64_TO_32_BIT_CONVERSION = YES;
				GCC_WARN_ABOUT_RETURN_TYPE = YES_ERROR;
				GCC_WARN_UNDECLARED_SELECTOR = YES;
				GCC_WARN_UNINITIALIZED_AUTOS = YES_AGGRESSIVE;
				GCC_WARN_UNUSED_FUNCTION = YES;
				GCC_WARN_UNUSED_VARIABLE = YES;
				IPHONEOS_DEPLOYMENT_TARGET = 17.0;
				LOCALIZATION_PREFERS_STRING_CATALOGS = YES;
				MTL_ENABLE_DEBUG_INFO = INCLUDE_SOURCE;
				MTL_FAST_MATH = YES;
				ONLY_ACTIVE_ARCH = YES;
				SDKROOT = iphoneos;
				SWIFT_ACTIVE_COMPILATION_CONDITIONS = "DEBUG $(inherited)";
				SWIFT_OPTIMIZATION_LEVEL = "-Onone";
			};
			name = Debug;
		};
		3C2E3AC62ACB3B7100485702 /* Release */ = {
			isa = XCBuildConfiguration;
			buildSettings = {
				ALWAYS_SEARCH_USER_PATHS = NO;
				ASSETCATALOG_COMPILER_GENERATE_SWIFT_ASSET_SYMBOL_EXTENSIONS = YES;
				CLANG_ANALYZER_NONNULL = YES;
				CLANG_ANALYZER_NUMBER_OBJECT_CONVERSION = YES_AGGRESSIVE;
				CLANG_CXX_LANGUAGE_STANDARD = "gnu++20";
				CLANG_ENABLE_MODULES = YES;
				CLANG_ENABLE_OBJC_ARC = YES;
				CLANG_ENABLE_OBJC_WEAK = YES;
				CLANG_WARN_BLOCK_CAPTURE_AUTORELEASING = YES;
				CLANG_WARN_BOOL_CONVERSION = YES;
				CLANG_WARN_COMMA = YES;
				CLANG_WARN_CONSTANT_CONVERSION = YES;
				CLANG_WARN_DEPRECATED_OBJC_IMPLEMENTATIONS = YES;
				CLANG_WARN_DIRECT_OBJC_ISA_USAGE = YES_ERROR;
				CLANG_WARN_DOCUMENTATION_COMMENTS = YES;
				CLANG_WARN_EMPTY_BODY = YES;
				CLANG_WARN_ENUM_CONVERSION = YES;
				CLANG_WARN_INFINITE_RECURSION = YES;
				CLANG_WARN_INT_CONVERSION = YES;
				CLANG_WARN_NON_LITERAL_NULL_CONVERSION = YES;
				CLANG_WARN_OBJC_IMPLICIT_RETAIN_SELF = YES;
				CLANG_WARN_OBJC_LITERAL_CONVERSION = YES;
				CLANG_WARN_OBJC_ROOT_CLASS = YES_ERROR;
				CLANG_WARN_QUOTED_INCLUDE_IN_FRAMEWORK_HEADER = YES;
				CLANG_WARN_RANGE_LOOP_ANALYSIS = YES;
				CLANG_WARN_STRICT_PROTOTYPES = YES;
				CLANG_WARN_SUSPICIOUS_MOVE = YES;
				CLANG_WARN_UNGUARDED_AVAILABILITY = YES_AGGRESSIVE;
				CLANG_WARN_UNREACHABLE_CODE = YES;
				CLANG_WARN__DUPLICATE_METHOD_MATCH = YES;
				COPY_PHASE_STRIP = NO;
				DEBUG_INFORMATION_FORMAT = "dwarf-with-dsym";
				ENABLE_NS_ASSERTIONS = NO;
				ENABLE_STRICT_OBJC_MSGSEND = YES;
				ENABLE_USER_SCRIPT_SANDBOXING = YES;
				GCC_C_LANGUAGE_STANDARD = gnu17;
				GCC_NO_COMMON_BLOCKS = YES;
				GCC_WARN_64_TO_32_BIT_CONVERSION = YES;
				GCC_WARN_ABOUT_RETURN_TYPE = YES_ERROR;
				GCC_WARN_UNDECLARED_SELECTOR = YES;
				GCC_WARN_UNINITIALIZED_AUTOS = YES_AGGRESSIVE;
				GCC_WARN_UNUSED_FUNCTION = YES;
				GCC_WARN_UNUSED_VARIABLE = YES;
				IPHONEOS_DEPLOYMENT_TARGET = 17.0;
				LOCALIZATION_PREFERS_STRING_CATALOGS = YES;
				MTL_ENABLE_DEBUG_INFO = NO;
				MTL_FAST_MATH = YES;
				SDKROOT = iphoneos;
				SWIFT_COMPILATION_MODE = wholemodule;
				VALIDATE_PRODUCT = YES;
			};
			name = Release;
		};
		3C2E3AC82ACB3B7100485702 /* Debug */ = {
			isa = XCBuildConfiguration;
			buildSettings = {
				ASSETCATALOG_COMPILER_APPICON_NAME = AppIcon;
				ASSETCATALOG_COMPILER_GLOBAL_ACCENT_COLOR_NAME = AccentColor;
				CODE_SIGN_STYLE = Automatic;
				CURRENT_PROJECT_VERSION = 1;
				GENERATE_INFOPLIST_FILE = YES;
				INFOPLIST_FILE = MoviesAppUIKit/Resources/Info.plist;
				INFOPLIST_KEY_UIApplicationSupportsIndirectInputEvents = YES;
				INFOPLIST_KEY_UILaunchStoryboardName = LaunchScreen;
				INFOPLIST_KEY_UISupportedInterfaceOrientations_iPad = "UIInterfaceOrientationPortrait UIInterfaceOrientationPortraitUpsideDown UIInterfaceOrientationLandscapeLeft UIInterfaceOrientationLandscapeRight";
				INFOPLIST_KEY_UISupportedInterfaceOrientations_iPhone = "UIInterfaceOrientationPortrait UIInterfaceOrientationLandscapeLeft UIInterfaceOrientationLandscapeRight";
				LD_RUNPATH_SEARCH_PATHS = (
					"$(inherited)",
					"@executable_path/Frameworks",
				);
				MARKETING_VERSION = 1.0;
				PRODUCT_BUNDLE_IDENTIFIER = AnatolShum.icloud.com.MoviesApp;
				PRODUCT_NAME = "$(TARGET_NAME)";
				SWIFT_EMIT_LOC_STRINGS = YES;
				SWIFT_VERSION = 5.0;
				TARGETED_DEVICE_FAMILY = "1,2";
			};
			name = Debug;
		};
		3C2E3AC92ACB3B7100485702 /* Release */ = {
			isa = XCBuildConfiguration;
			buildSettings = {
				ASSETCATALOG_COMPILER_APPICON_NAME = AppIcon;
				ASSETCATALOG_COMPILER_GLOBAL_ACCENT_COLOR_NAME = AccentColor;
				CODE_SIGN_STYLE = Automatic;
				CURRENT_PROJECT_VERSION = 1;
				GENERATE_INFOPLIST_FILE = YES;
				INFOPLIST_FILE = MoviesAppUIKit/Resources/Info.plist;
				INFOPLIST_KEY_UIApplicationSupportsIndirectInputEvents = YES;
				INFOPLIST_KEY_UILaunchStoryboardName = LaunchScreen;
				INFOPLIST_KEY_UISupportedInterfaceOrientations_iPad = "UIInterfaceOrientationPortrait UIInterfaceOrientationPortraitUpsideDown UIInterfaceOrientationLandscapeLeft UIInterfaceOrientationLandscapeRight";
				INFOPLIST_KEY_UISupportedInterfaceOrientations_iPhone = "UIInterfaceOrientationPortrait UIInterfaceOrientationLandscapeLeft UIInterfaceOrientationLandscapeRight";
				LD_RUNPATH_SEARCH_PATHS = (
					"$(inherited)",
					"@executable_path/Frameworks",
				);
				MARKETING_VERSION = 1.0;
				PRODUCT_BUNDLE_IDENTIFIER = AnatolShum.icloud.com.MoviesApp;
				PRODUCT_NAME = "$(TARGET_NAME)";
				SWIFT_EMIT_LOC_STRINGS = YES;
				SWIFT_VERSION = 5.0;
				TARGETED_DEVICE_FAMILY = "1,2";
			};
			name = Release;
		};
		3C2E3ACB2ACB3B7100485702 /* Debug */ = {
			isa = XCBuildConfiguration;
			buildSettings = {
				ALWAYS_EMBED_SWIFT_STANDARD_LIBRARIES = YES;
				BUNDLE_LOADER = "$(TEST_HOST)";
				CODE_SIGN_STYLE = Automatic;
				CURRENT_PROJECT_VERSION = 1;
				GENERATE_INFOPLIST_FILE = YES;
				IPHONEOS_DEPLOYMENT_TARGET = 17.0;
				MARKETING_VERSION = 1.0;
				PRODUCT_BUNDLE_IDENTIFIER = AnatolShum.icloud.com.MoviesAppUIKitTests;
				PRODUCT_NAME = "$(TARGET_NAME)";
				SWIFT_EMIT_LOC_STRINGS = NO;
				SWIFT_VERSION = 5.0;
				TARGETED_DEVICE_FAMILY = "1,2";
				TEST_HOST = "$(BUILT_PRODUCTS_DIR)/MoviesAppUIKit.app/$(BUNDLE_EXECUTABLE_FOLDER_PATH)/MoviesAppUIKit";
			};
			name = Debug;
		};
		3C2E3ACC2ACB3B7100485702 /* Release */ = {
			isa = XCBuildConfiguration;
			buildSettings = {
				ALWAYS_EMBED_SWIFT_STANDARD_LIBRARIES = YES;
				BUNDLE_LOADER = "$(TEST_HOST)";
				CODE_SIGN_STYLE = Automatic;
				CURRENT_PROJECT_VERSION = 1;
				GENERATE_INFOPLIST_FILE = YES;
				IPHONEOS_DEPLOYMENT_TARGET = 17.0;
				MARKETING_VERSION = 1.0;
				PRODUCT_BUNDLE_IDENTIFIER = AnatolShum.icloud.com.MoviesAppUIKitTests;
				PRODUCT_NAME = "$(TARGET_NAME)";
				SWIFT_EMIT_LOC_STRINGS = NO;
				SWIFT_VERSION = 5.0;
				TARGETED_DEVICE_FAMILY = "1,2";
				TEST_HOST = "$(BUILT_PRODUCTS_DIR)/MoviesAppUIKit.app/$(BUNDLE_EXECUTABLE_FOLDER_PATH)/MoviesAppUIKit";
			};
			name = Release;
		};
		3C2E3ACE2ACB3B7100485702 /* Debug */ = {
			isa = XCBuildConfiguration;
			buildSettings = {
				ALWAYS_EMBED_SWIFT_STANDARD_LIBRARIES = YES;
				CODE_SIGN_STYLE = Automatic;
				CURRENT_PROJECT_VERSION = 1;
				GENERATE_INFOPLIST_FILE = YES;
				MARKETING_VERSION = 1.0;
				PRODUCT_BUNDLE_IDENTIFIER = AnatolShum.icloud.com.MoviesAppUIKitUITests;
				PRODUCT_NAME = "$(TARGET_NAME)";
				SWIFT_EMIT_LOC_STRINGS = NO;
				SWIFT_VERSION = 5.0;
				TARGETED_DEVICE_FAMILY = "1,2";
				TEST_TARGET_NAME = MoviesAppUIKit;
			};
			name = Debug;
		};
		3C2E3ACF2ACB3B7100485702 /* Release */ = {
			isa = XCBuildConfiguration;
			buildSettings = {
				ALWAYS_EMBED_SWIFT_STANDARD_LIBRARIES = YES;
				CODE_SIGN_STYLE = Automatic;
				CURRENT_PROJECT_VERSION = 1;
				GENERATE_INFOPLIST_FILE = YES;
				MARKETING_VERSION = 1.0;
				PRODUCT_BUNDLE_IDENTIFIER = AnatolShum.icloud.com.MoviesAppUIKitUITests;
				PRODUCT_NAME = "$(TARGET_NAME)";
				SWIFT_EMIT_LOC_STRINGS = NO;
				SWIFT_VERSION = 5.0;
				TARGETED_DEVICE_FAMILY = "1,2";
				TEST_TARGET_NAME = MoviesAppUIKit;
			};
			name = Release;
		};
/* End XCBuildConfiguration section */

/* Begin XCConfigurationList section */
		3C2E3A982ACB3B7000485702 /* Build configuration list for PBXProject "MoviesAppUIKit" */ = {
			isa = XCConfigurationList;
			buildConfigurations = (
				3C2E3AC52ACB3B7100485702 /* Debug */,
				3C2E3AC62ACB3B7100485702 /* Release */,
			);
			defaultConfigurationIsVisible = 0;
			defaultConfigurationName = Release;
		};
		3C2E3AC72ACB3B7100485702 /* Build configuration list for PBXNativeTarget "MoviesAppUIKit" */ = {
			isa = XCConfigurationList;
			buildConfigurations = (
				3C2E3AC82ACB3B7100485702 /* Debug */,
				3C2E3AC92ACB3B7100485702 /* Release */,
			);
			defaultConfigurationIsVisible = 0;
			defaultConfigurationName = Release;
		};
		3C2E3ACA2ACB3B7100485702 /* Build configuration list for PBXNativeTarget "MoviesAppUIKitTests" */ = {
			isa = XCConfigurationList;
			buildConfigurations = (
				3C2E3ACB2ACB3B7100485702 /* Debug */,
				3C2E3ACC2ACB3B7100485702 /* Release */,
			);
			defaultConfigurationIsVisible = 0;
			defaultConfigurationName = Release;
		};
		3C2E3ACD2ACB3B7100485702 /* Build configuration list for PBXNativeTarget "MoviesAppUIKitUITests" */ = {
			isa = XCConfigurationList;
			buildConfigurations = (
				3C2E3ACE2ACB3B7100485702 /* Debug */,
				3C2E3ACF2ACB3B7100485702 /* Release */,
			);
			defaultConfigurationIsVisible = 0;
			defaultConfigurationName = Release;
		};
/* End XCConfigurationList section */

/* Begin XCRemoteSwiftPackageReference section */
		3C5173EA2ACB4A1E007A3E3F /* XCRemoteSwiftPackageReference "youtube-ios-player-helper" */ = {
			isa = XCRemoteSwiftPackageReference;
			repositoryURL = "https://github.com/youtube/youtube-ios-player-helper";
			requirement = {
				kind = upToNextMajorVersion;
				minimumVersion = 1.0.4;
			};
		};
		3C5173ED2ACB4A7F007A3E3F /* XCRemoteSwiftPackageReference "firebase-ios-sdk" */ = {
			isa = XCRemoteSwiftPackageReference;
			repositoryURL = "https://github.com/firebase/firebase-ios-sdk.git";
			requirement = {
				kind = upToNextMajorVersion;
				minimumVersion = 10.15.0;
			};
		};
/* End XCRemoteSwiftPackageReference section */

/* Begin XCSwiftPackageProductDependency section */
		3C5173EB2ACB4A1E007A3E3F /* YouTubeiOSPlayerHelper */ = {
			isa = XCSwiftPackageProductDependency;
			package = 3C5173EA2ACB4A1E007A3E3F /* XCRemoteSwiftPackageReference "youtube-ios-player-helper" */;
			productName = YouTubeiOSPlayerHelper;
		};
		3C5173EE2ACB4A7F007A3E3F /* FirebaseAuth */ = {
			isa = XCSwiftPackageProductDependency;
			package = 3C5173ED2ACB4A7F007A3E3F /* XCRemoteSwiftPackageReference "firebase-ios-sdk" */;
			productName = FirebaseAuth;
		};
		3C5173F02ACB4A7F007A3E3F /* FirebaseFirestore */ = {
			isa = XCSwiftPackageProductDependency;
			package = 3C5173ED2ACB4A7F007A3E3F /* XCRemoteSwiftPackageReference "firebase-ios-sdk" */;
			productName = FirebaseFirestore;
		};
		3C5173F22ACB4A7F007A3E3F /* FirebaseFirestoreSwift */ = {
			isa = XCSwiftPackageProductDependency;
			package = 3C5173ED2ACB4A7F007A3E3F /* XCRemoteSwiftPackageReference "firebase-ios-sdk" */;
			productName = FirebaseFirestoreSwift;
		};
/* End XCSwiftPackageProductDependency section */
	};
	rootObject = 3C2E3A952ACB3B7000485702 /* Project object */;
}
